
Microsoft Visual Studio Solution File, Format Version 12.00
# Visual Studio Version 16
VisualStudioVersion = 16.0.31424.327
MinimumVisualStudioVersion = 10.0.40219.1
Project("{FAE04EC0-301F-11D3-BF4B-00C04F79EFBC}") = "AudiologyHardwareInventory", "AudiologyHardwareInventory\AudiologyHardwareInventory.csproj", "{D123ADAB-01B9-4D48-9487-0633A1AE01BA}"
EndProject
Global
	GlobalSection(SolutionConfigurationPlatforms) = preSolution
		Debug|Any CPU = Debug|Any CPU
		Release|Any CPU = Release|Any CPU
	EndGlobalSection
	GlobalSection(ProjectConfigurationPlatforms) = postSolution
		{D123ADAB-01B9-4D48-9487-0633A1AE01BA}.Debug|Any CPU.ActiveCfg = Debug|Any CPU
		{D123ADAB-01B9-4D48-9487-0633A1AE01BA}.Debug|Any CPU.Build.0 = Debug|Any CPU
		{D123ADAB-01B9-4D48-9487-0633A1AE01BA}.Release|Any CPU.ActiveCfg = Release|Any CPU
		{D123ADAB-01B9-4D48-9487-0633A1AE01BA}.Release|Any CPU.Build.0 = Release|Any CPU
	EndGlobalSection
	GlobalSection(SolutionProperties) = preSolution
		HideSolutionNode = FALSE
	EndGlobalSection
	GlobalSection(ExtensibilityGlobals) = postSolution
		SolutionGuid = {872C507A-C69B-4676-9303-02787847D2F5}
	EndGlobalSection
EndGlobal
