
Microsoft Visual Studio Solution File, Format Version 12.00
# Visual Studio Version 16
VisualStudioVersion = 16.0.31424.327
MinimumVisualStudioVersion = 10.0.40219.1
Project("{9A19103F-16F7-4668-BE54-9A1E7A4F7556}") = "AudiologyHardwareInventory", "AudiologyHardwareInventory\AudiologyHardwareInventory.csproj", "{D123ADAB-01B9-4D48-9487-0633A1AE01BA}"
EndProject
Project("{FAE04EC0-301F-11D3-BF4B-00C04F79EFBC}") = "DAL", "DAL\DAL.csproj", "{BA558E03-D3E9-43AF-B580-8B79258DBDF9}"
EndProject
Project("{FAE04EC0-301F-11D3-BF4B-00C04F79EFBC}") = "BL", "Business Layer\BL.csproj", "{F3B3D0BF-5978-48AE-830A-B07EB22EC69C}"
EndProject
Global
	GlobalSection(SolutionConfigurationPlatforms) = preSolution
		Debug|Any CPU = Debug|Any CPU
		Release|Any CPU = Release|Any CPU
	EndGlobalSection
	GlobalSection(ProjectConfigurationPlatforms) = postSolution
		{D123ADAB-01B9-4D48-9487-0633A1AE01BA}.Debug|Any CPU.ActiveCfg = Debug|Any CPU
		{D123ADAB-01B9-4D48-9487-0633A1AE01BA}.Debug|Any CPU.Build.0 = Debug|Any CPU
		{D123ADAB-01B9-4D48-9487-0633A1AE01BA}.Release|Any CPU.ActiveCfg = Release|Any CPU
		{D123ADAB-01B9-4D48-9487-0633A1AE01BA}.Release|Any CPU.Build.0 = Release|Any CPU
		{BA558E03-D3E9-43AF-B580-8B79258DBDF9}.Debug|Any CPU.ActiveCfg = Debug|Any CPU
		{BA558E03-D3E9-43AF-B580-8B79258DBDF9}.Debug|Any CPU.Build.0 = Debug|Any CPU
		{BA558E03-D3E9-43AF-B580-8B79258DBDF9}.Release|Any CPU.ActiveCfg = Release|Any CPU
		{BA558E03-D3E9-43AF-B580-8B79258DBDF9}.Release|Any CPU.Build.0 = Release|Any CPU
		{F3B3D0BF-5978-48AE-830A-B07EB22EC69C}.Debug|Any CPU.ActiveCfg = Debug|Any CPU
		{F3B3D0BF-5978-48AE-830A-B07EB22EC69C}.Debug|Any CPU.Build.0 = Debug|Any CPU
		{F3B3D0BF-5978-48AE-830A-B07EB22EC69C}.Release|Any CPU.ActiveCfg = Release|Any CPU
		{F3B3D0BF-5978-48AE-830A-B07EB22EC69C}.Release|Any CPU.Build.0 = Release|Any CPU
	EndGlobalSection
	GlobalSection(SolutionProperties) = preSolution
		HideSolutionNode = FALSE
	EndGlobalSection
	GlobalSection(ExtensibilityGlobals) = postSolution
		SolutionGuid = {872C507A-C69B-4676-9303-02787847D2F5}
	EndGlobalSection
EndGlobal
